// !$*UTF8*$!
{
	archiveVersion = 1;
	classes = {
	};
	objectVersion = 46;
	objects = {

/* Begin PBXBuildFile section */
		642CF3DE1E904FA600518166 /* SWListView.swift in Sources */ = {isa = PBXBuildFile; fileRef = 642CF3DD1E904FA600518166 /* SWListView.swift */; };
		6458D8421E84948F000C4623 /* CartController.swift in Sources */ = {isa = PBXBuildFile; fileRef = 6458D8411E84948F000C4623 /* CartController.swift */; };
		6474CF161E84BC0100952861 /* PaymentViewController.swift in Sources */ = {isa = PBXBuildFile; fileRef = 6474CF151E84BC0100952861 /* PaymentViewController.swift */; };
		648105A41E92F5340074E4FE /* PaymentViewControllerExt.swift in Sources */ = {isa = PBXBuildFile; fileRef = 648105A31E92F5340074E4FE /* PaymentViewControllerExt.swift */; };
		648105A61E92F9810074E4FE /* CartControllerExt.swift in Sources */ = {isa = PBXBuildFile; fileRef = 648105A51E92F9810074E4FE /* CartControllerExt.swift */; };
		64956F341E89AE99004D8DCB /* Services.swift in Sources */ = {isa = PBXBuildFile; fileRef = 64956F331E89AE99004D8DCB /* Services.swift */; };
		64956F361E89DC20004D8DCB /* Product.swift in Sources */ = {isa = PBXBuildFile; fileRef = 64956F351E89DC20004D8DCB /* Product.swift */; };
		64956F381E8F0112004D8DCB /* Cart.swift in Sources */ = {isa = PBXBuildFile; fileRef = 64956F371E8F0112004D8DCB /* Cart.swift */; };
		64956F3A1E8F02AF004D8DCB /* Extensions.swift in Sources */ = {isa = PBXBuildFile; fileRef = 64956F391E8F02AF004D8DCB /* Extensions.swift */; };
		64E0AB4D1E81F21600E9AA08 /* AppDelegate.swift in Sources */ = {isa = PBXBuildFile; fileRef = 64E0AB4C1E81F21600E9AA08 /* AppDelegate.swift */; };
		64E0AB541E81F21600E9AA08 /* Assets.xcassets in Resources */ = {isa = PBXBuildFile; fileRef = 64E0AB531E81F21600E9AA08 /* Assets.xcassets */; };
		64E0AB571E81F21600E9AA08 /* LaunchScreen.storyboard in Resources */ = {isa = PBXBuildFile; fileRef = 64E0AB551E81F21600E9AA08 /* LaunchScreen.storyboard */; };
		64E0AB5F1E81F4B100E9AA08 /* HomeController.swift in Sources */ = {isa = PBXBuildFile; fileRef = 64E0AB5E1E81F4B100E9AA08 /* HomeController.swift */; };
		64E0AB611E81F86E00E9AA08 /* ProductCell.swift in Sources */ = {isa = PBXBuildFile; fileRef = 64E0AB601E81F86E00E9AA08 /* ProductCell.swift */; };
		64E0AB631E8203A800E9AA08 /* TabBarController.swift in Sources */ = {isa = PBXBuildFile; fileRef = 64E0AB621E8203A800E9AA08 /* TabBarController.swift */; };
		A385BEBBDBD84829526F9E47 /* Pods_ShopStarWars.framework in Frameworks */ = {isa = PBXBuildFile; fileRef = 25754C5FD0E0F53FBF283180 /* Pods_ShopStarWars.framework */; };
/* End PBXBuildFile section */

/* Begin PBXFileReference section */
		25754C5FD0E0F53FBF283180 /* Pods_ShopStarWars.framework */ = {isa = PBXFileReference; explicitFileType = wrapper.framework; includeInIndex = 0; path = Pods_ShopStarWars.framework; sourceTree = BUILT_PRODUCTS_DIR; };
		2DB62772CE539C95C5F58372 /* Pods-ShopStarWars.release.xcconfig */ = {isa = PBXFileReference; includeInIndex = 1; lastKnownFileType = text.xcconfig; name = "Pods-ShopStarWars.release.xcconfig"; path = "Pods/Target Support Files/Pods-ShopStarWars/Pods-ShopStarWars.release.xcconfig"; sourceTree = "<group>"; };
		642CF3DD1E904FA600518166 /* SWListView.swift */ = {isa = PBXFileReference; fileEncoding = 4; lastKnownFileType = sourcecode.swift; path = SWListView.swift; sourceTree = "<group>"; };
		6458D8411E84948F000C4623 /* CartController.swift */ = {isa = PBXFileReference; fileEncoding = 4; lastKnownFileType = sourcecode.swift; path = CartController.swift; sourceTree = "<group>"; };
		6474CF151E84BC0100952861 /* PaymentViewController.swift */ = {isa = PBXFileReference; fileEncoding = 4; lastKnownFileType = sourcecode.swift; path = PaymentViewController.swift; sourceTree = "<group>"; };
		648105A31E92F5340074E4FE /* PaymentViewControllerExt.swift */ = {isa = PBXFileReference; fileEncoding = 4; lastKnownFileType = sourcecode.swift; path = PaymentViewControllerExt.swift; sourceTree = "<group>"; };
		648105A51E92F9810074E4FE /* CartControllerExt.swift */ = {isa = PBXFileReference; fileEncoding = 4; lastKnownFileType = sourcecode.swift; path = CartControllerExt.swift; sourceTree = "<group>"; };
		64956F331E89AE99004D8DCB /* Services.swift */ = {isa = PBXFileReference; fileEncoding = 4; lastKnownFileType = sourcecode.swift; path = Services.swift; sourceTree = "<group>"; };
		64956F351E89DC20004D8DCB /* Product.swift */ = {isa = PBXFileReference; fileEncoding = 4; lastKnownFileType = sourcecode.swift; path = Product.swift; sourceTree = "<group>"; };
		64956F371E8F0112004D8DCB /* Cart.swift */ = {isa = PBXFileReference; fileEncoding = 4; lastKnownFileType = sourcecode.swift; path = Cart.swift; sourceTree = "<group>"; };
		64956F391E8F02AF004D8DCB /* Extensions.swift */ = {isa = PBXFileReference; fileEncoding = 4; lastKnownFileType = sourcecode.swift; path = Extensions.swift; sourceTree = "<group>"; };
		64E0AB491E81F21600E9AA08 /* ShopStarWars.app */ = {isa = PBXFileReference; explicitFileType = wrapper.application; includeInIndex = 0; path = ShopStarWars.app; sourceTree = BUILT_PRODUCTS_DIR; };
		64E0AB4C1E81F21600E9AA08 /* AppDelegate.swift */ = {isa = PBXFileReference; lastKnownFileType = sourcecode.swift; path = AppDelegate.swift; sourceTree = "<group>"; };
		64E0AB531E81F21600E9AA08 /* Assets.xcassets */ = {isa = PBXFileReference; lastKnownFileType = folder.assetcatalog; path = Assets.xcassets; sourceTree = "<group>"; };
		64E0AB561E81F21600E9AA08 /* Base */ = {isa = PBXFileReference; lastKnownFileType = file.storyboard; name = Base; path = Base.lproj/LaunchScreen.storyboard; sourceTree = "<group>"; };
		64E0AB581E81F21600E9AA08 /* Info.plist */ = {isa = PBXFileReference; lastKnownFileType = text.plist.xml; path = Info.plist; sourceTree = "<group>"; };
		64E0AB5E1E81F4B100E9AA08 /* HomeController.swift */ = {isa = PBXFileReference; fileEncoding = 4; lastKnownFileType = sourcecode.swift; path = HomeController.swift; sourceTree = "<group>"; };
		64E0AB601E81F86E00E9AA08 /* ProductCell.swift */ = {isa = PBXFileReference; fileEncoding = 4; lastKnownFileType = sourcecode.swift; path = ProductCell.swift; sourceTree = "<group>"; };
		64E0AB621E8203A800E9AA08 /* TabBarController.swift */ = {isa = PBXFileReference; fileEncoding = 4; lastKnownFileType = sourcecode.swift; path = TabBarController.swift; sourceTree = "<group>"; };
		6616AA1F891AE45D37C0D434 /* Pods-ShopStarWars.debug.xcconfig */ = {isa = PBXFileReference; includeInIndex = 1; lastKnownFileType = text.xcconfig; name = "Pods-ShopStarWars.debug.xcconfig"; path = "Pods/Target Support Files/Pods-ShopStarWars/Pods-ShopStarWars.debug.xcconfig"; sourceTree = "<group>"; };
/* End PBXFileReference section */

/* Begin PBXFrameworksBuildPhase section */
		64E0AB461E81F21500E9AA08 /* Frameworks */ = {
			isa = PBXFrameworksBuildPhase;
			buildActionMask = 2147483647;
			files = (
				A385BEBBDBD84829526F9E47 /* Pods_ShopStarWars.framework in Frameworks */,
			);
			runOnlyForDeploymentPostprocessing = 0;
		};
/* End PBXFrameworksBuildPhase section */

/* Begin PBXGroup section */
		1F76182E6A5DAD536289A323 /* Pods */ = {
			isa = PBXGroup;
			children = (
				6616AA1F891AE45D37C0D434 /* Pods-ShopStarWars.debug.xcconfig */,
				2DB62772CE539C95C5F58372 /* Pods-ShopStarWars.release.xcconfig */,
			);
			name = Pods;
			sourceTree = "<group>";
		};
		5820DB32E4DF010E75C080FF /* Frameworks */ = {
			isa = PBXGroup;
			children = (
				25754C5FD0E0F53FBF283180 /* Pods_ShopStarWars.framework */,
			);
			name = Frameworks;
			sourceTree = "<group>";
		};
		648105A21E92D79C0074E4FE /* Model */ = {
			isa = PBXGroup;
			children = (
				64956F371E8F0112004D8DCB /* Cart.swift */,
				64956F351E89DC20004D8DCB /* Product.swift */,
			);
			name = Model;
			sourceTree = "<group>";
		};
		648105A81E9308100074E4FE /* View */ = {
			isa = PBXGroup;
			children = (
				64E0AB601E81F86E00E9AA08 /* ProductCell.swift */,
				642CF3DD1E904FA600518166 /* SWListView.swift */,
			);
			name = View;
			sourceTree = "<group>";
		};
		648105A91E9308350074E4FE /* Controllers */ = {
			isa = PBXGroup;
			children = (
				64E0AB621E8203A800E9AA08 /* TabBarController.swift */,
				64E0AB5E1E81F4B100E9AA08 /* HomeController.swift */,
				6474CF151E84BC0100952861 /* PaymentViewController.swift */,
				648105A31E92F5340074E4FE /* PaymentViewControllerExt.swift */,
				6458D8411E84948F000C4623 /* CartController.swift */,
				648105A51E92F9810074E4FE /* CartControllerExt.swift */,
			);
			name = Controllers;
			sourceTree = "<group>";
		};
		64E0AB401E81F21500E9AA08 = {
			isa = PBXGroup;
			children = (
				64E0AB4B1E81F21600E9AA08 /* ShopStarWars */,
				64E0AB4A1E81F21600E9AA08 /* Products */,
				1F76182E6A5DAD536289A323 /* Pods */,
				5820DB32E4DF010E75C080FF /* Frameworks */,
			);
			sourceTree = "<group>";
		};
		64E0AB4A1E81F21600E9AA08 /* Products */ = {
			isa = PBXGroup;
			children = (
				64E0AB491E81F21600E9AA08 /* ShopStarWars.app */,
			);
			name = Products;
			sourceTree = "<group>";
		};
		64E0AB4B1E81F21600E9AA08 /* ShopStarWars */ = {
			isa = PBXGroup;
			children = (
				64E0AB4C1E81F21600E9AA08 /* AppDelegate.swift */,
				64956F331E89AE99004D8DCB /* Services.swift */,
				64956F391E8F02AF004D8DCB /* Extensions.swift */,
				648105A81E9308100074E4FE /* View */,
				648105A21E92D79C0074E4FE /* Model */,
				648105A91E9308350074E4FE /* Controllers */,
				64E0AB531E81F21600E9AA08 /* Assets.xcassets */,
				64E0AB551E81F21600E9AA08 /* LaunchScreen.storyboard */,
				64E0AB581E81F21600E9AA08 /* Info.plist */,
			);
			path = ShopStarWars;
			sourceTree = "<group>";
		};
/* End PBXGroup section */

/* Begin PBXNativeTarget section */
		64E0AB481E81F21500E9AA08 /* ShopStarWars */ = {
			isa = PBXNativeTarget;
			buildConfigurationList = 64E0AB5B1E81F21600E9AA08 /* Build configuration list for PBXNativeTarget "ShopStarWars" */;
			buildPhases = (
				8E41EBAE79AD4A73133B6B42 /* [CP] Check Pods Manifest.lock */,
				64E0AB451E81F21500E9AA08 /* Sources */,
				64E0AB461E81F21500E9AA08 /* Frameworks */,
				64E0AB471E81F21500E9AA08 /* Resources */,
				8DAE15BFB96E6F43D774CE3B /* [CP] Embed Pods Frameworks */,
				2FF9871777A4601D0A9508BC /* [CP] Copy Pods Resources */,
			);
			buildRules = (
			);
			dependencies = (
			);
			name = ShopStarWars;
			productName = ShopStarWars;
			productReference = 64E0AB491E81F21600E9AA08 /* ShopStarWars.app */;
			productType = "com.apple.product-type.application";
		};
/* End PBXNativeTarget section */

/* Begin PBXProject section */
		64E0AB411E81F21500E9AA08 /* Project object */ = {
			isa = PBXProject;
			attributes = {
				LastSwiftUpdateCheck = 0820;
				LastUpgradeCheck = 0820;
				ORGANIZATIONNAME = "Joao Gabriel Carvalho";
				TargetAttributes = {
					64E0AB481E81F21500E9AA08 = {
						CreatedOnToolsVersion = 8.2.1;
						ProvisioningStyle = Automatic;
					};
				};
			};
			buildConfigurationList = 64E0AB441E81F21500E9AA08 /* Build configuration list for PBXProject "ShopStarWars" */;
			compatibilityVersion = "Xcode 3.2";
			developmentRegion = English;
			hasScannedForEncodings = 0;
			knownRegions = (
				en,
				Base,
			);
			mainGroup = 64E0AB401E81F21500E9AA08;
			productRefGroup = 64E0AB4A1E81F21600E9AA08 /* Products */;
			projectDirPath = "";
			projectRoot = "";
			targets = (
				64E0AB481E81F21500E9AA08 /* ShopStarWars */,
			);
		};
/* End PBXProject section */

/* Begin PBXResourcesBuildPhase section */
		64E0AB471E81F21500E9AA08 /* Resources */ = {
			isa = PBXResourcesBuildPhase;
			buildActionMask = 2147483647;
			files = (
				64E0AB571E81F21600E9AA08 /* LaunchScreen.storyboard in Resources */,
				64E0AB541E81F21600E9AA08 /* Assets.xcassets in Resources */,
			);
			runOnlyForDeploymentPostprocessing = 0;
		};
/* End PBXResourcesBuildPhase section */

/* Begin PBXShellScriptBuildPhase section */
		2FF9871777A4601D0A9508BC /* [CP] Copy Pods Resources */ = {
			isa = PBXShellScriptBuildPhase;
			buildActionMask = 2147483647;
			files = (
			);
			inputPaths = (
			);
			name = "[CP] Copy Pods Resources";
			outputPaths = (
			);
			runOnlyForDeploymentPostprocessing = 0;
			shellPath = /bin/sh;
			shellScript = "\"${SRCROOT}/Pods/Target Support Files/Pods-ShopStarWars/Pods-ShopStarWars-resources.sh\"\n";
			showEnvVarsInLog = 0;
		};
		8DAE15BFB96E6F43D774CE3B /* [CP] Embed Pods Frameworks */ = {
			isa = PBXShellScriptBuildPhase;
			buildActionMask = 2147483647;
			files = (
			);
			inputPaths = (
			);
			name = "[CP] Embed Pods Frameworks";
			outputPaths = (
			);
			runOnlyForDeploymentPostprocessing = 0;
			shellPath = /bin/sh;
			shellScript = "\"${SRCROOT}/Pods/Target Support Files/Pods-ShopStarWars/Pods-ShopStarWars-frameworks.sh\"\n";
			showEnvVarsInLog = 0;
		};
		8E41EBAE79AD4A73133B6B42 /* [CP] Check Pods Manifest.lock */ = {
			isa = PBXShellScriptBuildPhase;
			buildActionMask = 2147483647;
			files = (
			);
			inputPaths = (
			);
			name = "[CP] Check Pods Manifest.lock";
			outputPaths = (
			);
			runOnlyForDeploymentPostprocessing = 0;
			shellPath = /bin/sh;
			shellScript = "diff \"${PODS_ROOT}/../Podfile.lock\" \"${PODS_ROOT}/Manifest.lock\" > /dev/null\nif [ $? != 0 ] ; then\n    # print error to STDERR\n    echo \"error: The sandbox is not in sync with the Podfile.lock. Run 'pod install' or update your CocoaPods installation.\" >&2\n    exit 1\nfi\n";
			showEnvVarsInLog = 0;
		};
/* End PBXShellScriptBuildPhase section */

/* Begin PBXSourcesBuildPhase section */
		64E0AB451E81F21500E9AA08 /* Sources */ = {
			isa = PBXSourcesBuildPhase;
			buildActionMask = 2147483647;
			files = (
				64E0AB611E81F86E00E9AA08 /* ProductCell.swift in Sources */,
				64956F361E89DC20004D8DCB /* Product.swift in Sources */,
				64E0AB631E8203A800E9AA08 /* TabBarController.swift in Sources */,
				6474CF161E84BC0100952861 /* PaymentViewController.swift in Sources */,
				6458D8421E84948F000C4623 /* CartController.swift in Sources */,
				648105A41E92F5340074E4FE /* PaymentViewControllerExt.swift in Sources */,
				648105A61E92F9810074E4FE /* CartControllerExt.swift in Sources */,
				642CF3DE1E904FA600518166 /* SWListView.swift in Sources */,
				64956F341E89AE99004D8DCB /* Services.swift in Sources */,
				64956F381E8F0112004D8DCB /* Cart.swift in Sources */,
				64E0AB4D1E81F21600E9AA08 /* AppDelegate.swift in Sources */,
				64956F3A1E8F02AF004D8DCB /* Extensions.swift in Sources */,
				64E0AB5F1E81F4B100E9AA08 /* HomeController.swift in Sources */,
			);
			runOnlyForDeploymentPostprocessing = 0;
		};
/* End PBXSourcesBuildPhase section */

/* Begin PBXVariantGroup section */
		64E0AB551E81F21600E9AA08 /* LaunchScreen.storyboard */ = {
			isa = PBXVariantGroup;
			children = (
				64E0AB561E81F21600E9AA08 /* Base */,
			);
			name = LaunchScreen.storyboard;
			sourceTree = "<group>";
		};
/* End PBXVariantGroup section */

/* Begin XCBuildConfiguration section */
		64E0AB591E81F21600E9AA08 /* Debug */ = {
			isa = XCBuildConfiguration;
			buildSettings = {
				ALWAYS_SEARCH_USER_PATHS = NO;
				CLANG_ANALYZER_NONNULL = YES;
				CLANG_CXX_LANGUAGE_STANDARD = "gnu++0x";
				CLANG_CXX_LIBRARY = "libc++";
				CLANG_ENABLE_MODULES = YES;
				CLANG_ENABLE_OBJC_ARC = YES;
				CLANG_WARN_BOOL_CONVERSION = YES;
				CLANG_WARN_CONSTANT_CONVERSION = YES;
				CLANG_WARN_DIRECT_OBJC_ISA_USAGE = YES_ERROR;
				CLANG_WARN_DOCUMENTATION_COMMENTS = YES;
				CLANG_WARN_EMPTY_BODY = YES;
				CLANG_WARN_ENUM_CONVERSION = YES;
				CLANG_WARN_INFINITE_RECURSION = YES;
				CLANG_WARN_INT_CONVERSION = YES;
				CLANG_WARN_OBJC_ROOT_CLASS = YES_ERROR;
				CLANG_WARN_SUSPICIOUS_MOVE = YES;
				CLANG_WARN_UNREACHABLE_CODE = YES;
				CLANG_WARN__DUPLICATE_METHOD_MATCH = YES;
				"CODE_SIGN_IDENTITY[sdk=iphoneos*]" = "iPhone Developer";
				COPY_PHASE_STRIP = NO;
				DEBUG_INFORMATION_FORMAT = dwarf;
				ENABLE_STRICT_OBJC_MSGSEND = YES;
				ENABLE_TESTABILITY = YES;
				GCC_C_LANGUAGE_STANDARD = gnu99;
				GCC_DYNAMIC_NO_PIC = NO;
				GCC_NO_COMMON_BLOCKS = YES;
				GCC_OPTIMIZATION_LEVEL = 0;
				GCC_PREPROCESSOR_DEFINITIONS = (
					"DEBUG=1",
					"$(inherited)",
				);
				GCC_WARN_64_TO_32_BIT_CONVERSION = YES;
				GCC_WARN_ABOUT_RETURN_TYPE = YES_ERROR;
				GCC_WARN_UNDECLARED_SELECTOR = YES;
				GCC_WARN_UNINITIALIZED_AUTOS = YES_AGGRESSIVE;
				GCC_WARN_UNUSED_FUNCTION = YES;
				GCC_WARN_UNUSED_VARIABLE = YES;
				IPHONEOS_DEPLOYMENT_TARGET = 10.2;
				MTL_ENABLE_DEBUG_INFO = YES;
				ONLY_ACTIVE_ARCH = YES;
				SDKROOT = iphoneos;
				SWIFT_ACTIVE_COMPILATION_CONDITIONS = DEBUG;
				SWIFT_OPTIMIZATION_LEVEL = "-Onone";
				TARGETED_DEVICE_FAMILY = "1,2";
			};
			name = Debug;
		};
		64E0AB5A1E81F21600E9AA08 /* Release */ = {
			isa = XCBuildConfiguration;
			buildSettings = {
				ALWAYS_SEARCH_USER_PATHS = NO;
				CLANG_ANALYZER_NONNULL = YES;
				CLANG_CXX_LANGUAGE_STANDARD = "gnu++0x";
				CLANG_CXX_LIBRARY = "libc++";
				CLANG_ENABLE_MODULES = YES;
				CLANG_ENABLE_OBJC_ARC = YES;
				CLANG_WARN_BOOL_CONVERSION = YES;
				CLANG_WARN_CONSTANT_CONVERSION = YES;
				CLANG_WARN_DIRECT_OBJC_ISA_USAGE = YES_ERROR;
				CLANG_WARN_DOCUMENTATION_COMMENTS = YES;
				CLANG_WARN_EMPTY_BODY = YES;
				CLANG_WARN_ENUM_CONVERSION = YES;
				CLANG_WARN_INFINITE_RECURSION = YES;
				CLANG_WARN_INT_CONVERSION = YES;
				CLANG_WARN_OBJC_ROOT_CLASS = YES_ERROR;
				CLANG_WARN_SUSPICIOUS_MOVE = YES;
				CLANG_WARN_UNREACHABLE_CODE = YES;
				CLANG_WARN__DUPLICATE_METHOD_MATCH = YES;
				"CODE_SIGN_IDENTITY[sdk=iphoneos*]" = "iPhone Developer";
				COPY_PHASE_STRIP = NO;
				DEBUG_INFORMATION_FORMAT = "dwarf-with-dsym";
				ENABLE_NS_ASSERTIONS = NO;
				ENABLE_STRICT_OBJC_MSGSEND = YES;
				GCC_C_LANGUAGE_STANDARD = gnu99;
				GCC_NO_COMMON_BLOCKS = YES;
				GCC_WARN_64_TO_32_BIT_CONVERSION = YES;
				GCC_WARN_ABOUT_RETURN_TYPE = YES_ERROR;
				GCC_WARN_UNDECLARED_SELECTOR = YES;
				GCC_WARN_UNINITIALIZED_AUTOS = YES_AGGRESSIVE;
				GCC_WARN_UNUSED_FUNCTION = YES;
				GCC_WARN_UNUSED_VARIABLE = YES;
				IPHONEOS_DEPLOYMENT_TARGET = 10.2;
				MTL_ENABLE_DEBUG_INFO = NO;
				SDKROOT = iphoneos;
				SWIFT_OPTIMIZATION_LEVEL = "-Owholemodule";
				TARGETED_DEVICE_FAMILY = "1,2";
				VALIDATE_PRODUCT = YES;
			};
			name = Release;
		};
		64E0AB5C1E81F21600E9AA08 /* Debug */ = {
			isa = XCBuildConfiguration;
			baseConfigurationReference = 6616AA1F891AE45D37C0D434 /* Pods-ShopStarWars.debug.xcconfig */;
			buildSettings = {
				ASSETCATALOG_COMPILER_APPICON_NAME = AppIcon;
				INFOPLIST_FILE = ShopStarWars/Info.plist;
				LD_RUNPATH_SEARCH_PATHS = "$(inherited) @executable_path/Frameworks";
				PRODUCT_BUNDLE_IDENTIFIER = jgcarvalho.ShopStarWars;
				PRODUCT_NAME = "$(TARGET_NAME)";
				SWIFT_VERSION = 3.0;
			};
			name = Debug;
		};
		64E0AB5D1E81F21600E9AA08 /* Release */ = {
			isa = XCBuildConfiguration;
			baseConfigurationReference = 2DB62772CE539C95C5F58372 /* Pods-ShopStarWars.release.xcconfig */;
			buildSettings = {
				ASSETCATALOG_COMPILER_APPICON_NAME = AppIcon;
				INFOPLIST_FILE = ShopStarWars/Info.plist;
				LD_RUNPATH_SEARCH_PATHS = "$(inherited) @executable_path/Frameworks";
				PRODUCT_BUNDLE_IDENTIFIER = jgcarvalho.ShopStarWars;
				PRODUCT_NAME = "$(TARGET_NAME)";
				SWIFT_VERSION = 3.0;
			};
			name = Release;
		};
/* End XCBuildConfiguration section */

/* Begin XCConfigurationList section */
		64E0AB441E81F21500E9AA08 /* Build configuration list for PBXProject "ShopStarWars" */ = {
			isa = XCConfigurationList;
			buildConfigurations = (
				64E0AB591E81F21600E9AA08 /* Debug */,
				64E0AB5A1E81F21600E9AA08 /* Release */,
			);
			defaultConfigurationIsVisible = 0;
			defaultConfigurationName = Release;
		};
		64E0AB5B1E81F21600E9AA08 /* Build configuration list for PBXNativeTarget "ShopStarWars" */ = {
			isa = XCConfigurationList;
			buildConfigurations = (
				64E0AB5C1E81F21600E9AA08 /* Debug */,
				64E0AB5D1E81F21600E9AA08 /* Release */,
			);
			defaultConfigurationIsVisible = 0;
			defaultConfigurationName = Release;
		};
/* End XCConfigurationList section */
	};
	rootObject = 64E0AB411E81F21500E9AA08 /* Project object */;
}
