PODS:
  - AKMaskField (2.0.3)
  - Alamofire (4.4.0)
  - AlamofireImage (3.2.0):
    - Alamofire (~> 4.1)
  - SwiftIconFont (2.6.0)
  - SwiftyJSON (3.1.4)
  - TinyConstraints (1.2.2)

DEPENDENCIES:
  - AKMaskField
  - Alamofire (~> 4.4)
  - AlamofireImage (~> 3.1)
  - SwiftIconFont
  - SwiftyJSON
  - TinyConstraints (~> 1.2)

SPEC CHECKSUMS:
  AKMaskField: b6d147524813e62cd3f15475fa2200ce7a3d2620
  Alamofire: dc44b1600b800eb63da6a19039a0083d62a6a62d
  AlamofireImage: 157ed682cc81d3b9db4fb90c1f12180ac552d93b
  SwiftIconFont: bbe1f32e1e16bac87dad8566afc80132cb8d072c
  SwiftyJSON: c2842d878f95482ffceec5709abc3d05680c0220
  TinyConstraints: 95944ff4f61f9a5fecb6adb4083dc1831e0a1e4b

PODFILE CHECKSUM: 6362ce1a050fc71a26a778bca1e680237ece515a

COCOAPODS: 1.2.0
